
Microsoft Visual Studio Solution File, Format Version 12.00
# Visual Studio Version 17
VisualStudioVersion = 17.7.34024.191
MinimumVisualStudioVersion = 10.0.40219.1
Project("{FAE04EC0-301F-11D3-BF4B-00C04F79EFBC}") = "BolsaTrabajoSMA.Server", "Server\BolsaTrabajoSMA.Server.csproj", "{5AD06AAD-0DB7-4986-80C6-7405B23A1E93}"
EndProject
Project("{FAE04EC0-301F-11D3-BF4B-00C04F79EFBC}") = "BolsaTrabajoSMA.Client", "Client\BolsaTrabajoSMA.Client.csproj", "{8C20D0F5-9A8E-406B-A1D8-D3EB22400267}"
EndProject
Project("{FAE04EC0-301F-11D3-BF4B-00C04F79EFBC}") = "BolsaTrabajoSMA.Shared", "Shared\BolsaTrabajoSMA.Shared.csproj", "{09F75933-378D-430A-9440-EC3795C6D792}"
EndProject
Global
	GlobalSection(SolutionConfigurationPlatforms) = preSolution
		Debug|Any CPU = Debug|Any CPU
		Release|Any CPU = Release|Any CPU
	EndGlobalSection
	GlobalSection(ProjectConfigurationPlatforms) = postSolution
		{5AD06AAD-0DB7-4986-80C6-7405B23A1E93}.Debug|Any CPU.ActiveCfg = Debug|Any CPU
		{5AD06AAD-0DB7-4986-80C6-7405B23A1E93}.Debug|Any CPU.Build.0 = Debug|Any CPU
		{5AD06AAD-0DB7-4986-80C6-7405B23A1E93}.Release|Any CPU.ActiveCfg = Release|Any CPU
		{5AD06AAD-0DB7-4986-80C6-7405B23A1E93}.Release|Any CPU.Build.0 = Release|Any CPU
		{8C20D0F5-9A8E-406B-A1D8-D3EB22400267}.Debug|Any CPU.ActiveCfg = Debug|Any CPU
		{8C20D0F5-9A8E-406B-A1D8-D3EB22400267}.Debug|Any CPU.Build.0 = Debug|Any CPU
		{8C20D0F5-9A8E-406B-A1D8-D3EB22400267}.Release|Any CPU.ActiveCfg = Release|Any CPU
		{8C20D0F5-9A8E-406B-A1D8-D3EB22400267}.Release|Any CPU.Build.0 = Release|Any CPU
		{09F75933-378D-430A-9440-EC3795C6D792}.Debug|Any CPU.ActiveCfg = Debug|Any CPU
		{09F75933-378D-430A-9440-EC3795C6D792}.Debug|Any CPU.Build.0 = Debug|Any CPU
		{09F75933-378D-430A-9440-EC3795C6D792}.Release|Any CPU.ActiveCfg = Release|Any CPU
		{09F75933-378D-430A-9440-EC3795C6D792}.Release|Any CPU.Build.0 = Release|Any CPU
	EndGlobalSection
	GlobalSection(SolutionProperties) = preSolution
		HideSolutionNode = FALSE
	EndGlobalSection
	GlobalSection(ExtensibilityGlobals) = postSolution
		SolutionGuid = {FD667822-B276-4904-BF47-0CADAA3ACF88}
	EndGlobalSection
EndGlobal
